// !$*UTF8*$!
{
	archiveVersion = 1;
	classes = {
	};
	objectVersion = 46;
	objects = {

/* Begin PBXBuildFile section */
		1B757C9D1BB48ABB00744ACE /* SwiftyJSON.swift in Sources */ = {isa = PBXBuildFile; fileRef = 1B757C9C1BB48ABA00744ACE /* SwiftyJSON.swift */; settings = {ASSET_TAGS = (); }; };
		1B757C9F1BB4BA2A00744ACE /* CoreLocation.framework in Frameworks */ = {isa = PBXBuildFile; fileRef = 1B757C9E1BB4BA2A00744ACE /* CoreLocation.framework */; };
		1B757CA11BB4F99300744ACE /* DistanceSelectorViewController.swift in Sources */ = {isa = PBXBuildFile; fileRef = 1B757CA01BB4F99300744ACE /* DistanceSelectorViewController.swift */; settings = {ASSET_TAGS = (); }; };
		1B757CA31BB5A79600744ACE /* 4803549-man-with-laptop-outside-working-Stock-Photo.jpg in Resources */ = {isa = PBXBuildFile; fileRef = 1B757CA21BB5A79600744ACE /* 4803549-man-with-laptop-outside-working-Stock-Photo.jpg */; settings = {ASSET_TAGS = (); }; };
		D80D2EB01BB1DE30001F600D /* rows.json in Resources */ = {isa = PBXBuildFile; fileRef = D80D2EAF1BB1DE30001F600D /* rows.json */; };
		D858CB221BB1DB7B00C455AD /* AppDelegate.swift in Sources */ = {isa = PBXBuildFile; fileRef = D858CB211BB1DB7B00C455AD /* AppDelegate.swift */; };
		D858CB241BB1DB7B00C455AD /* MapViewController.swift in Sources */ = {isa = PBXBuildFile; fileRef = D858CB231BB1DB7B00C455AD /* MapViewController.swift */; };
		D858CB271BB1DB7B00C455AD /* Main.storyboard in Resources */ = {isa = PBXBuildFile; fileRef = D858CB251BB1DB7B00C455AD /* Main.storyboard */; };
		D858CB291BB1DB7B00C455AD /* Assets.xcassets in Resources */ = {isa = PBXBuildFile; fileRef = D858CB281BB1DB7B00C455AD /* Assets.xcassets */; };
		D858CB2C1BB1DB7B00C455AD /* LaunchScreen.storyboard in Resources */ = {isa = PBXBuildFile; fileRef = D858CB2A1BB1DB7B00C455AD /* LaunchScreen.storyboard */; };
/* End PBXBuildFile section */

/* Begin PBXFileReference section */
		1B757C9C1BB48ABA00744ACE /* SwiftyJSON.swift */ = {isa = PBXFileReference; fileEncoding = 4; lastKnownFileType = sourcecode.swift; path = SwiftyJSON.swift; sourceTree = "<group>"; };
		1B757C9E1BB4BA2A00744ACE /* CoreLocation.framework */ = {isa = PBXFileReference; lastKnownFileType = wrapper.framework; name = CoreLocation.framework; path = System/Library/Frameworks/CoreLocation.framework; sourceTree = SDKROOT; };
		1B757CA01BB4F99300744ACE /* DistanceSelectorViewController.swift */ = {isa = PBXFileReference; fileEncoding = 4; lastKnownFileType = sourcecode.swift; name = DistanceSelectorViewController.swift; path = ../DistanceSelectorViewController.swift; sourceTree = "<group>"; };
		1B757CA21BB5A79600744ACE /* 4803549-man-with-laptop-outside-working-Stock-Photo.jpg */ = {isa = PBXFileReference; lastKnownFileType = image.jpeg; path = "4803549-man-with-laptop-outside-working-Stock-Photo.jpg"; sourceTree = "<group>"; };
		D80D2EAF1BB1DE30001F600D /* rows.json */ = {isa = PBXFileReference; fileEncoding = 4; lastKnownFileType = text.json; path = rows.json; sourceTree = "<group>"; };
		D858CB1E1BB1DB7B00C455AD /* PC FInale Project Alpha.app */ = {isa = PBXFileReference; explicitFileType = wrapper.application; includeInIndex = 0; path = "PC FInale Project Alpha.app"; sourceTree = BUILT_PRODUCTS_DIR; };
		D858CB211BB1DB7B00C455AD /* AppDelegate.swift */ = {isa = PBXFileReference; lastKnownFileType = sourcecode.swift; path = AppDelegate.swift; sourceTree = "<group>"; };
		D858CB231BB1DB7B00C455AD /* MapViewController.swift */ = {isa = PBXFileReference; lastKnownFileType = sourcecode.swift; path = MapViewController.swift; sourceTree = "<group>"; };
		D858CB261BB1DB7B00C455AD /* Base */ = {isa = PBXFileReference; lastKnownFileType = file.storyboard; name = Base; path = Base.lproj/Main.storyboard; sourceTree = "<group>"; };
		D858CB281BB1DB7B00C455AD /* Assets.xcassets */ = {isa = PBXFileReference; lastKnownFileType = folder.assetcatalog; path = Assets.xcassets; sourceTree = "<group>"; };
		D858CB2B1BB1DB7B00C455AD /* Base */ = {isa = PBXFileReference; lastKnownFileType = file.storyboard; name = Base; path = Base.lproj/LaunchScreen.storyboard; sourceTree = "<group>"; };
		D858CB2D1BB1DB7B00C455AD /* Info.plist */ = {isa = PBXFileReference; lastKnownFileType = text.plist.xml; path = Info.plist; sourceTree = "<group>"; };
/* End PBXFileReference section */

/* Begin PBXFrameworksBuildPhase section */
		D858CB1B1BB1DB7B00C455AD /* Frameworks */ = {
			isa = PBXFrameworksBuildPhase;
			buildActionMask = 2147483647;
			files = (
				1B757C9F1BB4BA2A00744ACE /* CoreLocation.framework in Frameworks */,
			);
			runOnlyForDeploymentPostprocessing = 0;
		};
/* End PBXFrameworksBuildPhase section */

/* Begin PBXGroup section */
		D858CB151BB1DB7B00C455AD = {
			isa = PBXGroup;
			children = (
				1B757C9E1BB4BA2A00744ACE /* CoreLocation.framework */,
				D858CB201BB1DB7B00C455AD /* PC FInale Project Alpha */,
				D858CB1F1BB1DB7B00C455AD /* Products */,
			);
			sourceTree = "<group>";
		};
		D858CB1F1BB1DB7B00C455AD /* Products */ = {
			isa = PBXGroup;
			children = (
				D858CB1E1BB1DB7B00C455AD /* PC FInale Project Alpha.app */,
			);
			name = Products;
			sourceTree = "<group>";
		};
		D858CB201BB1DB7B00C455AD /* PC FInale Project Alpha */ = {
			isa = PBXGroup;
			children = (
				D858CB211BB1DB7B00C455AD /* AppDelegate.swift */,
				1B757CA01BB4F99300744ACE /* DistanceSelectorViewController.swift */,
				D858CB231BB1DB7B00C455AD /* MapViewController.swift */,
				D858CB251BB1DB7B00C455AD /* Main.storyboard */,
				D80D2EAF1BB1DE30001F600D /* rows.json */,
				1B757C9C1BB48ABA00744ACE /* SwiftyJSON.swift */,
				D858CB281BB1DB7B00C455AD /* Assets.xcassets */,
				1B757CA21BB5A79600744ACE /* 4803549-man-with-laptop-outside-working-Stock-Photo.jpg */,
				D858CB2A1BB1DB7B00C455AD /* LaunchScreen.storyboard */,
				D858CB2D1BB1DB7B00C455AD /* Info.plist */,
			);
			path = "PC FInale Project Alpha";
			sourceTree = "<group>";
		};
/* End PBXGroup section */

/* Begin PBXNativeTarget section */
		D858CB1D1BB1DB7B00C455AD /* PC FInale Project Alpha */ = {
			isa = PBXNativeTarget;
			buildConfigurationList = D858CB301BB1DB7B00C455AD /* Build configuration list for PBXNativeTarget "PC FInale Project Alpha" */;
			buildPhases = (
				D858CB1A1BB1DB7B00C455AD /* Sources */,
				D858CB1B1BB1DB7B00C455AD /* Frameworks */,
				D858CB1C1BB1DB7B00C455AD /* Resources */,
			);
			buildRules = (
			);
			dependencies = (
			);
			name = "PC FInale Project Alpha";
			productName = "PC FInale Project Alpha";
			productReference = D858CB1E1BB1DB7B00C455AD /* PC FInale Project Alpha.app */;
			productType = "com.apple.product-type.application";
		};
/* End PBXNativeTarget section */

/* Begin PBXProject section */
		D858CB161BB1DB7B00C455AD /* Project object */ = {
			isa = PBXProject;
			attributes = {
				LastSwiftUpdateCheck = 0700;
				LastUpgradeCheck = 0700;
				ORGANIZATIONNAME = "Joe Burgess";
				TargetAttributes = {
					D858CB1D1BB1DB7B00C455AD = {
						CreatedOnToolsVersion = 7.0;
					};
				};
			};
			buildConfigurationList = D858CB191BB1DB7B00C455AD /* Build configuration list for PBXProject "PC FInale Project Alpha" */;
			compatibilityVersion = "Xcode 3.2";
			developmentRegion = English;
			hasScannedForEncodings = 0;
			knownRegions = (
				en,
				Base,
			);
			mainGroup = D858CB151BB1DB7B00C455AD;
			productRefGroup = D858CB1F1BB1DB7B00C455AD /* Products */;
			projectDirPath = "";
			projectRoot = "";
			targets = (
				D858CB1D1BB1DB7B00C455AD /* PC FInale Project Alpha */,
			);
		};
/* End PBXProject section */

/* Begin PBXResourcesBuildPhase section */
		D858CB1C1BB1DB7B00C455AD /* Resources */ = {
			isa = PBXResourcesBuildPhase;
			buildActionMask = 2147483647;
			files = (
				D80D2EB01BB1DE30001F600D /* rows.json in Resources */,
				D858CB2C1BB1DB7B00C455AD /* LaunchScreen.storyboard in Resources */,
				1B757CA31BB5A79600744ACE /* 4803549-man-with-laptop-outside-working-Stock-Photo.jpg in Resources */,
				D858CB291BB1DB7B00C455AD /* Assets.xcassets in Resources */,
				D858CB271BB1DB7B00C455AD /* Main.storyboard in Resources */,
			);
			runOnlyForDeploymentPostprocessing = 0;
		};
/* End PBXResourcesBuildPhase section */

/* Begin PBXSourcesBuildPhase section */
		D858CB1A1BB1DB7B00C455AD /* Sources */ = {
			isa = PBXSourcesBuildPhase;
			buildActionMask = 2147483647;
			files = (
				1B757C9D1BB48ABB00744ACE /* SwiftyJSON.swift in Sources */,
				D858CB241BB1DB7B00C455AD /* MapViewController.swift in Sources */,
				1B757CA11BB4F99300744ACE /* DistanceSelectorViewController.swift in Sources */,
				D858CB221BB1DB7B00C455AD /* AppDelegate.swift in Sources */,
			);
			runOnlyForDeploymentPostprocessing = 0;
		};
/* End PBXSourcesBuildPhase section */

/* Begin PBXVariantGroup section */
		D858CB251BB1DB7B00C455AD /* Main.storyboard */ = {
			isa = PBXVariantGroup;
			children = (
				D858CB261BB1DB7B00C455AD /* Base */,
			);
			name = Main.storyboard;
			sourceTree = "<group>";
		};
		D858CB2A1BB1DB7B00C455AD /* LaunchScreen.storyboard */ = {
			isa = PBXVariantGroup;
			children = (
				D858CB2B1BB1DB7B00C455AD /* Base */,
			);
			name = LaunchScreen.storyboard;
			sourceTree = "<group>";
		};
/* End PBXVariantGroup section */

/* Begin XCBuildConfiguration section */
		D858CB2E1BB1DB7B00C455AD /* Debug */ = {
			isa = XCBuildConfiguration;
			buildSettings = {
				ALWAYS_SEARCH_USER_PATHS = NO;
				CLANG_CXX_LANGUAGE_STANDARD = "gnu++0x";
				CLANG_CXX_LIBRARY = "libc++";
				CLANG_ENABLE_MODULES = YES;
				CLANG_ENABLE_OBJC_ARC = YES;
				CLANG_WARN_BOOL_CONVERSION = YES;
				CLANG_WARN_CONSTANT_CONVERSION = YES;
				CLANG_WARN_DIRECT_OBJC_ISA_USAGE = YES_ERROR;
				CLANG_WARN_EMPTY_BODY = YES;
				CLANG_WARN_ENUM_CONVERSION = YES;
				CLANG_WARN_INT_CONVERSION = YES;
				CLANG_WARN_OBJC_ROOT_CLASS = YES_ERROR;
				CLANG_WARN_UNREACHABLE_CODE = YES;
				CLANG_WARN__DUPLICATE_METHOD_MATCH = YES;
				"CODE_SIGN_IDENTITY[sdk=iphoneos*]" = "iPhone Developer";
				COPY_PHASE_STRIP = NO;
				DEBUG_INFORMATION_FORMAT = dwarf;
				ENABLE_STRICT_OBJC_MSGSEND = YES;
				ENABLE_TESTABILITY = YES;
				GCC_C_LANGUAGE_STANDARD = gnu99;
				GCC_DYNAMIC_NO_PIC = NO;
				GCC_NO_COMMON_BLOCKS = YES;
				GCC_OPTIMIZATION_LEVEL = 0;
				GCC_PREPROCESSOR_DEFINITIONS = (
					"DEBUG=1",
					"$(inherited)",
				);
				GCC_WARN_64_TO_32_BIT_CONVERSION = YES;
				GCC_WARN_ABOUT_RETURN_TYPE = YES_ERROR;
				GCC_WARN_UNDECLARED_SELECTOR = YES;
				GCC_WARN_UNINITIALIZED_AUTOS = YES_AGGRESSIVE;
				GCC_WARN_UNUSED_FUNCTION = YES;
				GCC_WARN_UNUSED_VARIABLE = YES;
				IPHONEOS_DEPLOYMENT_TARGET = 9.0;
				MTL_ENABLE_DEBUG_INFO = YES;
				ONLY_ACTIVE_ARCH = YES;
				SDKROOT = iphoneos;
				SWIFT_OPTIMIZATION_LEVEL = "-Onone";
			};
			name = Debug;
		};
		D858CB2F1BB1DB7B00C455AD /* Release */ = {
			isa = XCBuildConfiguration;
			buildSettings = {
				ALWAYS_SEARCH_USER_PATHS = NO;
				CLANG_CXX_LANGUAGE_STANDARD = "gnu++0x";
				CLANG_CXX_LIBRARY = "libc++";
				CLANG_ENABLE_MODULES = YES;
				CLANG_ENABLE_OBJC_ARC = YES;
				CLANG_WARN_BOOL_CONVERSION = YES;
				CLANG_WARN_CONSTANT_CONVERSION = YES;
				CLANG_WARN_DIRECT_OBJC_ISA_USAGE = YES_ERROR;
				CLANG_WARN_EMPTY_BODY = YES;
				CLANG_WARN_ENUM_CONVERSION = YES;
				CLANG_WARN_INT_CONVERSION = YES;
				CLANG_WARN_OBJC_ROOT_CLASS = YES_ERROR;
				CLANG_WARN_UNREACHABLE_CODE = YES;
				CLANG_WARN__DUPLICATE_METHOD_MATCH = YES;
				"CODE_SIGN_IDENTITY[sdk=iphoneos*]" = "iPhone Developer";
				COPY_PHASE_STRIP = NO;
				DEBUG_INFORMATION_FORMAT = "dwarf-with-dsym";
				ENABLE_NS_ASSERTIONS = NO;
				ENABLE_STRICT_OBJC_MSGSEND = YES;
				GCC_C_LANGUAGE_STANDARD = gnu99;
				GCC_NO_COMMON_BLOCKS = YES;
				GCC_WARN_64_TO_32_BIT_CONVERSION = YES;
				GCC_WARN_ABOUT_RETURN_TYPE = YES_ERROR;
				GCC_WARN_UNDECLARED_SELECTOR = YES;
				GCC_WARN_UNINITIALIZED_AUTOS = YES_AGGRESSIVE;
				GCC_WARN_UNUSED_FUNCTION = YES;
				GCC_WARN_UNUSED_VARIABLE = YES;
				IPHONEOS_DEPLOYMENT_TARGET = 9.0;
				MTL_ENABLE_DEBUG_INFO = NO;
				SDKROOT = iphoneos;
				VALIDATE_PRODUCT = YES;
			};
			name = Release;
		};
		D858CB311BB1DB7B00C455AD /* Debug */ = {
			isa = XCBuildConfiguration;
			buildSettings = {
				ASSETCATALOG_COMPILER_APPICON_NAME = AppIcon;
				INFOPLIST_FILE = "PC FInale Project Alpha/Info.plist";
				IPHONEOS_DEPLOYMENT_TARGET = 8.2;
				LD_RUNPATH_SEARCH_PATHS = "$(inherited) @executable_path/Frameworks";
				PRODUCT_BUNDLE_IDENTIFIER = "com.flatironschool.PC-FInale-Project-Alpha";
				PRODUCT_NAME = "$(TARGET_NAME)";
			};
			name = Debug;
		};
		D858CB321BB1DB7B00C455AD /* Release */ = {
			isa = XCBuildConfiguration;
			buildSettings = {
				ASSETCATALOG_COMPILER_APPICON_NAME = AppIcon;
				INFOPLIST_FILE = "PC FInale Project Alpha/Info.plist";
				IPHONEOS_DEPLOYMENT_TARGET = 8.2;
				LD_RUNPATH_SEARCH_PATHS = "$(inherited) @executable_path/Frameworks";
				PRODUCT_BUNDLE_IDENTIFIER = "com.flatironschool.PC-FInale-Project-Alpha";
				PRODUCT_NAME = "$(TARGET_NAME)";
			};
			name = Release;
		};
/* End XCBuildConfiguration section */

/* Begin XCConfigurationList section */
		D858CB191BB1DB7B00C455AD /* Build configuration list for PBXProject "PC FInale Project Alpha" */ = {
			isa = XCConfigurationList;
			buildConfigurations = (
				D858CB2E1BB1DB7B00C455AD /* Debug */,
				D858CB2F1BB1DB7B00C455AD /* Release */,
			);
			defaultConfigurationIsVisible = 0;
			defaultConfigurationName = Release;
		};
		D858CB301BB1DB7B00C455AD /* Build configuration list for PBXNativeTarget "PC FInale Project Alpha" */ = {
			isa = XCConfigurationList;
			buildConfigurations = (
				D858CB311BB1DB7B00C455AD /* Debug */,
				D858CB321BB1DB7B00C455AD /* Release */,
			);
			defaultConfigurationIsVisible = 0;
			defaultConfigurationName = Release;
		};
/* End XCConfigurationList section */
	};
	rootObject = D858CB161BB1DB7B00C455AD /* Project object */;
}
